
Microsoft Visual Studio Solution File, Format Version 12.00
# Visual Studio Version 17
VisualStudioVersion = 17.0.31903.59
MinimumVisualStudioVersion = 10.0.40219.1
Project("{2150E333-8FDC-42A3-9474-1A3956D46DE8}") = "building-blocks", "building-blocks", "{36BD45AF-E449-4FD3-A093-B8D985E7EAFD}"
EndProject
Project("{FAE04EC0-301F-11D3-BF4B-00C04F79EFBC}") = "SharedKernel", "building-blocks\SharedKernel\SharedKernel.csproj", "{511E4E3C-B13A-42E4-A9D2-4D39081CAC28}"
EndProject
Project("{FAE04EC0-301F-11D3-BF4B-00C04F79EFBC}") = "Common", "building-blocks\Common\Common.csproj", "{927CA7DB-36F2-41F1-BFA1-CBFF21CA59B5}"
EndProject
Project("{FAE04EC0-301F-11D3-BF4B-00C04F79EFBC}") = "Contracts", "building-blocks\Contracts\Contracts.csproj", "{E71B2EB6-A916-4391-8D7A-D8219CA2529F}"
EndProject
Project("{FAE04EC0-301F-11D3-BF4B-00C04F79EFBC}") = "EventBus", "building-blocks\EventBus\EventBus.csproj", "{945469F1-2C91-489B-BB1D-7996B0A0E9A5}"
EndProject
Project("{2150E333-8FDC-42A3-9474-1A3956D46DE8}") = "src", "src", "{6C284B23-BDF8-4990-94ED-B2B3C2977BD4}"
EndProject
Project("{2150E333-8FDC-42A3-9474-1A3956D46DE8}") = "Authentication", "Authentication", "{1FA93CAB-92AE-46BC-9F94-D6D554A81900}"
EndProject
Project("{FAE04EC0-301F-11D3-BF4B-00C04F79EFBC}") = "Authentication.API", "src\Authentication\Authentication.API\Authentication.API.csproj", "{376A31F3-7C09-4243-91CF-2CC495E7DE9C}"
EndProject
Project("{FAE04EC0-301F-11D3-BF4B-00C04F79EFBC}") = "Authentication.Application", "src\Authentication\Authentication.Application\Authentication.Application.csproj", "{A61F2FD8-3F0C-413A-A872-73180A0CAB1E}"
EndProject
Project("{FAE04EC0-301F-11D3-BF4B-00C04F79EFBC}") = "Authentication.Domain", "src\Authentication\Authentication.Domain\Authentication.Domain.csproj", "{CC98C0F0-2032-4373-8E45-7A5470A89B89}"
EndProject
Project("{FAE04EC0-301F-11D3-BF4B-00C04F79EFBC}") = "Authentication.Infrastructure", "src\Authentication\Authentication.Infrastructure\Authentication.Infrastructure.csproj", "{BED67817-9AD3-48F5-BF4E-9FDBA0E2E6F0}"
EndProject
Global
	GlobalSection(SolutionConfigurationPlatforms) = preSolution
		Debug|Any CPU = Debug|Any CPU
		Release|Any CPU = Release|Any CPU
	EndGlobalSection
	GlobalSection(ProjectConfigurationPlatforms) = postSolution
		{511E4E3C-B13A-42E4-A9D2-4D39081CAC28}.Debug|Any CPU.ActiveCfg = Debug|Any CPU
		{511E4E3C-B13A-42E4-A9D2-4D39081CAC28}.Debug|Any CPU.Build.0 = Debug|Any CPU
		{511E4E3C-B13A-42E4-A9D2-4D39081CAC28}.Release|Any CPU.ActiveCfg = Release|Any CPU
		{511E4E3C-B13A-42E4-A9D2-4D39081CAC28}.Release|Any CPU.Build.0 = Release|Any CPU
		{927CA7DB-36F2-41F1-BFA1-CBFF21CA59B5}.Debug|Any CPU.ActiveCfg = Debug|Any CPU
		{927CA7DB-36F2-41F1-BFA1-CBFF21CA59B5}.Debug|Any CPU.Build.0 = Debug|Any CPU
		{927CA7DB-36F2-41F1-BFA1-CBFF21CA59B5}.Release|Any CPU.ActiveCfg = Release|Any CPU
		{927CA7DB-36F2-41F1-BFA1-CBFF21CA59B5}.Release|Any CPU.Build.0 = Release|Any CPU
		{E71B2EB6-A916-4391-8D7A-D8219CA2529F}.Debug|Any CPU.ActiveCfg = Debug|Any CPU
		{E71B2EB6-A916-4391-8D7A-D8219CA2529F}.Debug|Any CPU.Build.0 = Debug|Any CPU
		{E71B2EB6-A916-4391-8D7A-D8219CA2529F}.Release|Any CPU.ActiveCfg = Release|Any CPU
		{E71B2EB6-A916-4391-8D7A-D8219CA2529F}.Release|Any CPU.Build.0 = Release|Any CPU
		{945469F1-2C91-489B-BB1D-7996B0A0E9A5}.Debug|Any CPU.ActiveCfg = Debug|Any CPU
		{945469F1-2C91-489B-BB1D-7996B0A0E9A5}.Debug|Any CPU.Build.0 = Debug|Any CPU
		{945469F1-2C91-489B-BB1D-7996B0A0E9A5}.Release|Any CPU.ActiveCfg = Release|Any CPU
		{945469F1-2C91-489B-BB1D-7996B0A0E9A5}.Release|Any CPU.Build.0 = Release|Any CPU
		{376A31F3-7C09-4243-91CF-2CC495E7DE9C}.Debug|Any CPU.ActiveCfg = Debug|Any CPU
		{376A31F3-7C09-4243-91CF-2CC495E7DE9C}.Debug|Any CPU.Build.0 = Debug|Any CPU
		{376A31F3-7C09-4243-91CF-2CC495E7DE9C}.Release|Any CPU.ActiveCfg = Release|Any CPU
		{376A31F3-7C09-4243-91CF-2CC495E7DE9C}.Release|Any CPU.Build.0 = Release|Any CPU
		{A61F2FD8-3F0C-413A-A872-73180A0CAB1E}.Debug|Any CPU.ActiveCfg = Debug|Any CPU
		{A61F2FD8-3F0C-413A-A872-73180A0CAB1E}.Debug|Any CPU.Build.0 = Debug|Any CPU
		{A61F2FD8-3F0C-413A-A872-73180A0CAB1E}.Release|Any CPU.ActiveCfg = Release|Any CPU
		{A61F2FD8-3F0C-413A-A872-73180A0CAB1E}.Release|Any CPU.Build.0 = Release|Any CPU
		{CC98C0F0-2032-4373-8E45-7A5470A89B89}.Debug|Any CPU.ActiveCfg = Debug|Any CPU
		{CC98C0F0-2032-4373-8E45-7A5470A89B89}.Debug|Any CPU.Build.0 = Debug|Any CPU
		{CC98C0F0-2032-4373-8E45-7A5470A89B89}.Release|Any CPU.ActiveCfg = Release|Any CPU
		{CC98C0F0-2032-4373-8E45-7A5470A89B89}.Release|Any CPU.Build.0 = Release|Any CPU
		{BED67817-9AD3-48F5-BF4E-9FDBA0E2E6F0}.Debug|Any CPU.ActiveCfg = Debug|Any CPU
		{BED67817-9AD3-48F5-BF4E-9FDBA0E2E6F0}.Debug|Any CPU.Build.0 = Debug|Any CPU
		{BED67817-9AD3-48F5-BF4E-9FDBA0E2E6F0}.Release|Any CPU.ActiveCfg = Release|Any CPU
		{BED67817-9AD3-48F5-BF4E-9FDBA0E2E6F0}.Release|Any CPU.Build.0 = Release|Any CPU
	EndGlobalSection
	GlobalSection(SolutionProperties) = preSolution
		HideSolutionNode = FALSE
	EndGlobalSection
	GlobalSection(NestedProjects) = preSolution
		{511E4E3C-B13A-42E4-A9D2-4D39081CAC28} = {36BD45AF-E449-4FD3-A093-B8D985E7EAFD}
		{927CA7DB-36F2-41F1-BFA1-CBFF21CA59B5} = {36BD45AF-E449-4FD3-A093-B8D985E7EAFD}
		{E71B2EB6-A916-4391-8D7A-D8219CA2529F} = {36BD45AF-E449-4FD3-A093-B8D985E7EAFD}
		{945469F1-2C91-489B-BB1D-7996B0A0E9A5} = {36BD45AF-E449-4FD3-A093-B8D985E7EAFD}
		{1FA93CAB-92AE-46BC-9F94-D6D554A81900} = {6C284B23-BDF8-4990-94ED-B2B3C2977BD4}
		{376A31F3-7C09-4243-91CF-2CC495E7DE9C} = {1FA93CAB-92AE-46BC-9F94-D6D554A81900}
		{A61F2FD8-3F0C-413A-A872-73180A0CAB1E} = {1FA93CAB-92AE-46BC-9F94-D6D554A81900}
		{CC98C0F0-2032-4373-8E45-7A5470A89B89} = {1FA93CAB-92AE-46BC-9F94-D6D554A81900}
		{BED67817-9AD3-48F5-BF4E-9FDBA0E2E6F0} = {1FA93CAB-92AE-46BC-9F94-D6D554A81900}
	EndGlobalSection
EndGlobal
